<?xml version="1.0" encoding="utf-8"?>
<Project ToolsVersion="4.0" xmlns="http://schemas.microsoft.com/developer/msbuild/2003">
  <ItemGroup>
    <ClCompile Include="Controller.cpp" />
    <ClCompile Include="Entite.cpp" />
    <ClCompile Include="Main.cpp" />
    <ClCompile Include="Map.cpp" />
    <ClCompile Include="Bloc.cpp" />
    <ClCompile Include="Bloc_Deplacable.cpp" />
    <ClCompile Include="Bloc_Jump.cpp" />
    <ClCompile Include="Ennemi.cpp" />
    <ClCompile Include="Joueur.cpp" />
    <ClCompile Include="Perso.cpp" />
    <ClCompile Include="Plateforme.cpp" />
  </ItemGroup>
  <ItemGroup>
    <ClInclude Include="Controller.hpp" />
    <ClInclude Include="Entite.hpp" />
    <ClInclude Include="Map.hpp" />
    <ClInclude Include="Bloc.hpp" />
    <ClInclude Include="Bloc_Deplacable.hpp" />
    <ClInclude Include="Bloc_Jump.hpp" />
    <ClInclude Include="Ennemi.hpp" />
    <ClInclude Include="Joueur.hpp" />
    <ClInclude Include="Perso.hpp" />
    <ClInclude Include="Plateforme.hpp" />
  </ItemGroup>
  <ItemGroup>
    <Text Include="Carte.txt" />
  </ItemGroup>
</Project>